# THIS IS AN AUTOGENERATED FILE. DO NOT EDIT THIS FILE DIRECTLY.
# yarn lockfile v1


quoted-printable@^1.0.1:
  version "1.0.1"
  resolved "https://registry.yarnpkg.com/quoted-printable/-/quoted-printable-1.0.1.tgz#9eebf5eb3d11eef022b264fd2d2b6b2bb3b84cc3"
  integrity sha1-nuv16z0R7vAismT9LStrK7O4TMM=
  dependencies:
    utf8 "^2.1.0"

utf8@^2.1.0:
  version "2.1.2"
  resolved "https://registry.yarnpkg.com/utf8/-/utf8-2.1.2.tgz#1fa0d9270e9be850d9b05027f63519bf46457d96"
  integrity sha1-H6DZJw6b6FDZsFAn9jUZv0ZFfZY=
